
Microsoft Visual Studio Solution File, Format Version 12.00
# Visual Studio 2013
VisualStudioVersion = 12.0.31101.0
MinimumVisualStudioVersion = 10.0.40219.1
Project("{2150E333-8FDC-42A3-9474-1A3956D46DE8}") = "SharedApp", "SharedApp", "{F1CB2A53-0F6C-49F3-9BA7-BC639928AEE3}"
EndProject
Project("{D954291E-2A0B-460D-934E-DC6B0785DB48}") = "BlankSharedApp5.Shared", "BlankSharedApp5\BlankSharedApp5.Shared\BlankSharedApp5.Shared.shproj", "{D1CA64F8-0759-4B1B-93C9-62F9E87138EB}"
EndProject
Project("{262852C6-CD72-467D-83FE-5EEB1973A190}") = "BlankSharedApp5.Windows", "BlankSharedApp5\BlankSharedApp5.Windows\BlankSharedApp5.Windows.jsproj", "{7B77EF38-0E6D-4F02-9EEC-62E4494AA9C1}"
EndProject
Project("{262852C6-CD72-467D-83FE-5EEB1973A190}") = "BlankSharedApp5.WindowsPhone", "BlankSharedApp5\BlankSharedApp5.WindowsPhone\BlankSharedApp5.WindowsPhone.jsproj", "{6B871104-32AD-49F2-9C32-7651FE85CB7C}"
EndProject
Global
	GlobalSection(SharedMSBuildProjectFiles) = preSolution
		BlankSharedApp5\BlankSharedApp5.Shared\BlankSharedApp5.Shared.projitems*{d1ca64f8-0759-4b1b-93c9-62f9e87138eb}*SharedItemsImports = 13
		BlankSharedApp5\BlankSharedApp5.Shared\BlankSharedApp5.Shared.projitems*{7b77ef38-0e6d-4f02-9eec-62e4494aa9c1}*SharedItemsImports = 5
		BlankSharedApp5\BlankSharedApp5.Shared\BlankSharedApp5.Shared.projitems*{6b871104-32ad-49f2-9c32-7651fe85cb7c}*SharedItemsImports = 5
	EndGlobalSection
	GlobalSection(SolutionConfigurationPlatforms) = preSolution
		Debug|Any CPU = Debug|Any CPU
		Debug|ARM = Debug|ARM
		Debug|x64 = Debug|x64
		Debug|x86 = Debug|x86
		Release|Any CPU = Release|Any CPU
		Release|ARM = Release|ARM
		Release|x64 = Release|x64
		Release|x86 = Release|x86
	EndGlobalSection
	GlobalSection(ProjectConfigurationPlatforms) = postSolution
		{7B77EF38-0E6D-4F02-9EEC-62E4494AA9C1}.Debug|Any CPU.ActiveCfg = Debug|Any CPU
		{7B77EF38-0E6D-4F02-9EEC-62E4494AA9C1}.Debug|Any CPU.Build.0 = Debug|Any CPU
		{7B77EF38-0E6D-4F02-9EEC-62E4494AA9C1}.Debug|Any CPU.Deploy.0 = Debug|Any CPU
		{7B77EF38-0E6D-4F02-9EEC-62E4494AA9C1}.Debug|ARM.ActiveCfg = Debug|ARM
		{7B77EF38-0E6D-4F02-9EEC-62E4494AA9C1}.Debug|ARM.Build.0 = Debug|ARM
		{7B77EF38-0E6D-4F02-9EEC-62E4494AA9C1}.Debug|ARM.Deploy.0 = Debug|ARM
		{7B77EF38-0E6D-4F02-9EEC-62E4494AA9C1}.Debug|x64.ActiveCfg = Debug|x64
		{7B77EF38-0E6D-4F02-9EEC-62E4494AA9C1}.Debug|x64.Build.0 = Debug|x64
		{7B77EF38-0E6D-4F02-9EEC-62E4494AA9C1}.Debug|x64.Deploy.0 = Debug|x64
		{7B77EF38-0E6D-4F02-9EEC-62E4494AA9C1}.Debug|x86.ActiveCfg = Debug|x86
		{7B77EF38-0E6D-4F02-9EEC-62E4494AA9C1}.Debug|x86.Build.0 = Debug|x86
		{7B77EF38-0E6D-4F02-9EEC-62E4494AA9C1}.Debug|x86.Deploy.0 = Debug|x86
		{7B77EF38-0E6D-4F02-9EEC-62E4494AA9C1}.Release|Any CPU.ActiveCfg = Release|Any CPU
		{7B77EF38-0E6D-4F02-9EEC-62E4494AA9C1}.Release|Any CPU.Build.0 = Release|Any CPU
		{7B77EF38-0E6D-4F02-9EEC-62E4494AA9C1}.Release|Any CPU.Deploy.0 = Release|Any CPU
		{7B77EF38-0E6D-4F02-9EEC-62E4494AA9C1}.Release|ARM.ActiveCfg = Release|ARM
		{7B77EF38-0E6D-4F02-9EEC-62E4494AA9C1}.Release|ARM.Build.0 = Release|ARM
		{7B77EF38-0E6D-4F02-9EEC-62E4494AA9C1}.Release|ARM.Deploy.0 = Release|ARM
		{7B77EF38-0E6D-4F02-9EEC-62E4494AA9C1}.Release|x64.ActiveCfg = Release|x64
		{7B77EF38-0E6D-4F02-9EEC-62E4494AA9C1}.Release|x64.Build.0 = Release|x64
		{7B77EF38-0E6D-4F02-9EEC-62E4494AA9C1}.Release|x64.Deploy.0 = Release|x64
		{7B77EF38-0E6D-4F02-9EEC-62E4494AA9C1}.Release|x86.ActiveCfg = Release|x86
		{7B77EF38-0E6D-4F02-9EEC-62E4494AA9C1}.Release|x86.Build.0 = Release|x86
		{7B77EF38-0E6D-4F02-9EEC-62E4494AA9C1}.Release|x86.Deploy.0 = Release|x86
		{6B871104-32AD-49F2-9C32-7651FE85CB7C}.Debug|Any CPU.ActiveCfg = Debug|Any CPU
		{6B871104-32AD-49F2-9C32-7651FE85CB7C}.Debug|Any CPU.Build.0 = Debug|Any CPU
		{6B871104-32AD-49F2-9C32-7651FE85CB7C}.Debug|Any CPU.Deploy.0 = Debug|Any CPU
		{6B871104-32AD-49F2-9C32-7651FE85CB7C}.Debug|ARM.ActiveCfg = Debug|ARM
		{6B871104-32AD-49F2-9C32-7651FE85CB7C}.Debug|ARM.Build.0 = Debug|ARM
		{6B871104-32AD-49F2-9C32-7651FE85CB7C}.Debug|ARM.Deploy.0 = Debug|ARM
		{6B871104-32AD-49F2-9C32-7651FE85CB7C}.Debug|x64.ActiveCfg = Debug|Any CPU
		{6B871104-32AD-49F2-9C32-7651FE85CB7C}.Debug|x86.ActiveCfg = Debug|x86
		{6B871104-32AD-49F2-9C32-7651FE85CB7C}.Debug|x86.Build.0 = Debug|x86
		{6B871104-32AD-49F2-9C32-7651FE85CB7C}.Debug|x86.Deploy.0 = Debug|x86
		{6B871104-32AD-49F2-9C32-7651FE85CB7C}.Release|Any CPU.ActiveCfg = Release|Any CPU
		{6B871104-32AD-49F2-9C32-7651FE85CB7C}.Release|Any CPU.Build.0 = Release|Any CPU
		{6B871104-32AD-49F2-9C32-7651FE85CB7C}.Release|Any CPU.Deploy.0 = Release|Any CPU
		{6B871104-32AD-49F2-9C32-7651FE85CB7C}.Release|ARM.ActiveCfg = Release|ARM
		{6B871104-32AD-49F2-9C32-7651FE85CB7C}.Release|ARM.Build.0 = Release|ARM
		{6B871104-32AD-49F2-9C32-7651FE85CB7C}.Release|ARM.Deploy.0 = Release|ARM
		{6B871104-32AD-49F2-9C32-7651FE85CB7C}.Release|x64.ActiveCfg = Release|Any CPU
		{6B871104-32AD-49F2-9C32-7651FE85CB7C}.Release|x86.ActiveCfg = Release|x86
		{6B871104-32AD-49F2-9C32-7651FE85CB7C}.Release|x86.Build.0 = Release|x86
		{6B871104-32AD-49F2-9C32-7651FE85CB7C}.Release|x86.Deploy.0 = Release|x86
	EndGlobalSection
	GlobalSection(SolutionProperties) = preSolution
		HideSolutionNode = FALSE
	EndGlobalSection
	GlobalSection(NestedProjects) = preSolution
		{D1CA64F8-0759-4B1B-93C9-62F9E87138EB} = {F1CB2A53-0F6C-49F3-9BA7-BC639928AEE3}
		{7B77EF38-0E6D-4F02-9EEC-62E4494AA9C1} = {F1CB2A53-0F6C-49F3-9BA7-BC639928AEE3}
		{6B871104-32AD-49F2-9C32-7651FE85CB7C} = {F1CB2A53-0F6C-49F3-9BA7-BC639928AEE3}
	EndGlobalSection
EndGlobal
